PODS:
  - Alamofire (5.0.0-beta.6)
  - SVProgressHUD (2.2.5)

DEPENDENCIES:
  - Alamofire (~> 5.0.0.beta.1)
  - SVProgressHUD

SPEC REPOS:
  https://github.com/cocoapods/specs.git:
    - Alamofire
    - SVProgressHUD

SPEC CHECKSUMS:
  Alamofire: cd08a4402bd12cacd0c66f23fb12fec8d6b965e4
  SVProgressHUD: 1428aafac632c1f86f62aa4243ec12008d7a51d6

PODFILE CHECKSUM: fd11b9059068af1f1599b1058b1b8527e8a8e487

COCOAPODS: 1.5.3
