// !$*UTF8*$!
{
	archiveVersion = 1;
	classes = {
	};
	objectVersion = 50;
	objects = {

/* Begin PBXBuildFile section */
		9012C0E350DC3C6A9123284F /* Pods_ElMenusTask.framework in Frameworks */ = {isa = PBXBuildFile; fileRef = C9AE3282D0A9EE02244AF9AB /* Pods_ElMenusTask.framework */; };
		9AC03A5B22B539AD00CDD096 /* AppDelegate.swift in Sources */ = {isa = PBXBuildFile; fileRef = 9AC03A5A22B539AD00CDD096 /* AppDelegate.swift */; };
		9AC03A5D22B539AD00CDD096 /* ViewController.swift in Sources */ = {isa = PBXBuildFile; fileRef = 9AC03A5C22B539AD00CDD096 /* ViewController.swift */; };
		9AC03A6022B539AD00CDD096 /* Main.storyboard in Resources */ = {isa = PBXBuildFile; fileRef = 9AC03A5E22B539AD00CDD096 /* Main.storyboard */; };
		9AC03A6222B539AE00CDD096 /* Assets.xcassets in Resources */ = {isa = PBXBuildFile; fileRef = 9AC03A6122B539AE00CDD096 /* Assets.xcassets */; };
		9AC03A6522B539AE00CDD096 /* LaunchScreen.storyboard in Resources */ = {isa = PBXBuildFile; fileRef = 9AC03A6322B539AE00CDD096 /* LaunchScreen.storyboard */; };
		9AC03A7022B539AE00CDD096 /* ElMenusTaskTests.swift in Sources */ = {isa = PBXBuildFile; fileRef = 9AC03A6F22B539AE00CDD096 /* ElMenusTaskTests.swift */; };
		9AC03A7B22B539AE00CDD096 /* ElMenusTaskUITests.swift in Sources */ = {isa = PBXBuildFile; fileRef = 9AC03A7A22B539AE00CDD096 /* ElMenusTaskUITests.swift */; };
		9AC03A8D22B5734400CDD096 /* APIClient.swift in Sources */ = {isa = PBXBuildFile; fileRef = 9AC03A8922B5734400CDD096 /* APIClient.swift */; };
		9AC03A8E22B5734400CDD096 /* APIRouter.swift in Sources */ = {isa = PBXBuildFile; fileRef = 9AC03A8A22B5734400CDD096 /* APIRouter.swift */; };
		9AC03A9022B5734400CDD096 /* Reachability.swift in Sources */ = {isa = PBXBuildFile; fileRef = 9AC03A8C22B5734400CDD096 /* Reachability.swift */; };
		9AC03A9A22B573B500CDD096 /* Constants.swift in Sources */ = {isa = PBXBuildFile; fileRef = 9AC03A9422B573B500CDD096 /* Constants.swift */; };
		9AC03A9B22B573B500CDD096 /* Localizable.strings in Resources */ = {isa = PBXBuildFile; fileRef = 9AC03A9522B573B500CDD096 /* Localizable.strings */; };
		9AC03AA122B5899A00CDD096 /* APIManager.swift in Sources */ = {isa = PBXBuildFile; fileRef = 9AC03AA022B5899A00CDD096 /* APIManager.swift */; };
		9AC03AA322B59C4600CDD096 /* MenuViewController.swift in Sources */ = {isa = PBXBuildFile; fileRef = 9AC03AA222B59C4600CDD096 /* MenuViewController.swift */; };
		9AD87B6422B575DE0002CBDB /* MenuReponse.swift in Sources */ = {isa = PBXBuildFile; fileRef = 9AD87B6122B575DD0002CBDB /* MenuReponse.swift */; };
		9AD87B6522B575DE0002CBDB /* Category.swift in Sources */ = {isa = PBXBuildFile; fileRef = 9AD87B6222B575DD0002CBDB /* Category.swift */; };
		9AD87B6622B575DE0002CBDB /* Item.swift in Sources */ = {isa = PBXBuildFile; fileRef = 9AD87B6322B575DE0002CBDB /* Item.swift */; };
		9BBFD1686E57332F04F55500 /* Pods_ElMenusTaskUITests.framework in Frameworks */ = {isa = PBXBuildFile; fileRef = E4A4BE2546ABC3ECD9283F0C /* Pods_ElMenusTaskUITests.framework */; };
		F37A3A909E80C3B335878BB1 /* Pods_ElMenusTaskTests.framework in Frameworks */ = {isa = PBXBuildFile; fileRef = 9CFE506491C0BD4CF3ED6944 /* Pods_ElMenusTaskTests.framework */; };
/* End PBXBuildFile section */

/* Begin PBXContainerItemProxy section */
		9AC03A6C22B539AE00CDD096 /* PBXContainerItemProxy */ = {
			isa = PBXContainerItemProxy;
			containerPortal = 9AC03A4F22B539AD00CDD096 /* Project object */;
			proxyType = 1;
			remoteGlobalIDString = 9AC03A5622B539AD00CDD096;
			remoteInfo = ElMenusTask;
		};
		9AC03A7722B539AE00CDD096 /* PBXContainerItemProxy */ = {
			isa = PBXContainerItemProxy;
			containerPortal = 9AC03A4F22B539AD00CDD096 /* Project object */;
			proxyType = 1;
			remoteGlobalIDString = 9AC03A5622B539AD00CDD096;
			remoteInfo = ElMenusTask;
		};
/* End PBXContainerItemProxy section */

/* Begin PBXFileReference section */
		0055C6B4DBFF9BCF3BDD11E8 /* Pods-ElMenusTask.release.xcconfig */ = {isa = PBXFileReference; includeInIndex = 1; lastKnownFileType = text.xcconfig; name = "Pods-ElMenusTask.release.xcconfig"; path = "Pods/Target Support Files/Pods-ElMenusTask/Pods-ElMenusTask.release.xcconfig"; sourceTree = "<group>"; };
		03EEEBB8FFBCD50B23E44773 /* Pods-ElMenusTaskUITests.debug.xcconfig */ = {isa = PBXFileReference; includeInIndex = 1; lastKnownFileType = text.xcconfig; name = "Pods-ElMenusTaskUITests.debug.xcconfig"; path = "Pods/Target Support Files/Pods-ElMenusTaskUITests/Pods-ElMenusTaskUITests.debug.xcconfig"; sourceTree = "<group>"; };
		27789E3320CD419C3F0D3DAC /* Pods-ElMenusTaskTests.release.xcconfig */ = {isa = PBXFileReference; includeInIndex = 1; lastKnownFileType = text.xcconfig; name = "Pods-ElMenusTaskTests.release.xcconfig"; path = "Pods/Target Support Files/Pods-ElMenusTaskTests/Pods-ElMenusTaskTests.release.xcconfig"; sourceTree = "<group>"; };
		7276E88263B3EC0EF106BBE6 /* Pods-ElMenusTask.debug.xcconfig */ = {isa = PBXFileReference; includeInIndex = 1; lastKnownFileType = text.xcconfig; name = "Pods-ElMenusTask.debug.xcconfig"; path = "Pods/Target Support Files/Pods-ElMenusTask/Pods-ElMenusTask.debug.xcconfig"; sourceTree = "<group>"; };
		9AC03A5722B539AD00CDD096 /* ElMenusTask.app */ = {isa = PBXFileReference; explicitFileType = wrapper.application; includeInIndex = 0; path = ElMenusTask.app; sourceTree = BUILT_PRODUCTS_DIR; };
		9AC03A5A22B539AD00CDD096 /* AppDelegate.swift */ = {isa = PBXFileReference; lastKnownFileType = sourcecode.swift; path = AppDelegate.swift; sourceTree = "<group>"; };
		9AC03A5C22B539AD00CDD096 /* ViewController.swift */ = {isa = PBXFileReference; lastKnownFileType = sourcecode.swift; path = ViewController.swift; sourceTree = "<group>"; };
		9AC03A5F22B539AD00CDD096 /* Base */ = {isa = PBXFileReference; lastKnownFileType = file.storyboard; name = Base; path = Base.lproj/Main.storyboard; sourceTree = "<group>"; };
		9AC03A6122B539AE00CDD096 /* Assets.xcassets */ = {isa = PBXFileReference; lastKnownFileType = folder.assetcatalog; path = Assets.xcassets; sourceTree = "<group>"; };
		9AC03A6422B539AE00CDD096 /* Base */ = {isa = PBXFileReference; lastKnownFileType = file.storyboard; name = Base; path = Base.lproj/LaunchScreen.storyboard; sourceTree = "<group>"; };
		9AC03A6622B539AE00CDD096 /* Info.plist */ = {isa = PBXFileReference; lastKnownFileType = text.plist.xml; path = Info.plist; sourceTree = "<group>"; };
		9AC03A6B22B539AE00CDD096 /* ElMenusTaskTests.xctest */ = {isa = PBXFileReference; explicitFileType = wrapper.cfbundle; includeInIndex = 0; path = ElMenusTaskTests.xctest; sourceTree = BUILT_PRODUCTS_DIR; };
		9AC03A6F22B539AE00CDD096 /* ElMenusTaskTests.swift */ = {isa = PBXFileReference; lastKnownFileType = sourcecode.swift; path = ElMenusTaskTests.swift; sourceTree = "<group>"; };
		9AC03A7122B539AE00CDD096 /* Info.plist */ = {isa = PBXFileReference; lastKnownFileType = text.plist.xml; path = Info.plist; sourceTree = "<group>"; };
		9AC03A7622B539AE00CDD096 /* ElMenusTaskUITests.xctest */ = {isa = PBXFileReference; explicitFileType = wrapper.cfbundle; includeInIndex = 0; path = ElMenusTaskUITests.xctest; sourceTree = BUILT_PRODUCTS_DIR; };
		9AC03A7A22B539AE00CDD096 /* ElMenusTaskUITests.swift */ = {isa = PBXFileReference; lastKnownFileType = sourcecode.swift; path = ElMenusTaskUITests.swift; sourceTree = "<group>"; };
		9AC03A7C22B539AE00CDD096 /* Info.plist */ = {isa = PBXFileReference; lastKnownFileType = text.plist.xml; path = Info.plist; sourceTree = "<group>"; };
		9AC03A8922B5734400CDD096 /* APIClient.swift */ = {isa = PBXFileReference; fileEncoding = 4; lastKnownFileType = sourcecode.swift; path = APIClient.swift; sourceTree = "<group>"; };
		9AC03A8A22B5734400CDD096 /* APIRouter.swift */ = {isa = PBXFileReference; fileEncoding = 4; lastKnownFileType = sourcecode.swift; path = APIRouter.swift; sourceTree = "<group>"; };
		9AC03A8C22B5734400CDD096 /* Reachability.swift */ = {isa = PBXFileReference; fileEncoding = 4; lastKnownFileType = sourcecode.swift; path = Reachability.swift; sourceTree = "<group>"; };
		9AC03A9422B573B500CDD096 /* Constants.swift */ = {isa = PBXFileReference; fileEncoding = 4; lastKnownFileType = sourcecode.swift; path = Constants.swift; sourceTree = "<group>"; };
		9AC03A9722B573B500CDD096 /* en */ = {isa = PBXFileReference; lastKnownFileType = text.plist.strings; name = en; path = en.lproj/Localizable.strings; sourceTree = "<group>"; };
		9AC03AA022B5899A00CDD096 /* APIManager.swift */ = {isa = PBXFileReference; lastKnownFileType = sourcecode.swift; path = APIManager.swift; sourceTree = "<group>"; };
		9AC03AA222B59C4600CDD096 /* MenuViewController.swift */ = {isa = PBXFileReference; lastKnownFileType = sourcecode.swift; path = MenuViewController.swift; sourceTree = "<group>"; };
		9AD87B6122B575DD0002CBDB /* MenuReponse.swift */ = {isa = PBXFileReference; fileEncoding = 4; lastKnownFileType = sourcecode.swift; path = MenuReponse.swift; sourceTree = "<group>"; };
		9AD87B6222B575DD0002CBDB /* Category.swift */ = {isa = PBXFileReference; fileEncoding = 4; lastKnownFileType = sourcecode.swift; path = Category.swift; sourceTree = "<group>"; };
		9AD87B6322B575DE0002CBDB /* Item.swift */ = {isa = PBXFileReference; fileEncoding = 4; lastKnownFileType = sourcecode.swift; path = Item.swift; sourceTree = "<group>"; };
		9CFE506491C0BD4CF3ED6944 /* Pods_ElMenusTaskTests.framework */ = {isa = PBXFileReference; explicitFileType = wrapper.framework; includeInIndex = 0; path = Pods_ElMenusTaskTests.framework; sourceTree = BUILT_PRODUCTS_DIR; };
		C9AE3282D0A9EE02244AF9AB /* Pods_ElMenusTask.framework */ = {isa = PBXFileReference; explicitFileType = wrapper.framework; includeInIndex = 0; path = Pods_ElMenusTask.framework; sourceTree = BUILT_PRODUCTS_DIR; };
		DB92A0B3CC8D9EF3C493DE60 /* Pods-ElMenusTaskTests.debug.xcconfig */ = {isa = PBXFileReference; includeInIndex = 1; lastKnownFileType = text.xcconfig; name = "Pods-ElMenusTaskTests.debug.xcconfig"; path = "Pods/Target Support Files/Pods-ElMenusTaskTests/Pods-ElMenusTaskTests.debug.xcconfig"; sourceTree = "<group>"; };
		DC6BABB6C9396616CB276380 /* Pods-ElMenusTaskUITests.release.xcconfig */ = {isa = PBXFileReference; includeInIndex = 1; lastKnownFileType = text.xcconfig; name = "Pods-ElMenusTaskUITests.release.xcconfig"; path = "Pods/Target Support Files/Pods-ElMenusTaskUITests/Pods-ElMenusTaskUITests.release.xcconfig"; sourceTree = "<group>"; };
		E4A4BE2546ABC3ECD9283F0C /* Pods_ElMenusTaskUITests.framework */ = {isa = PBXFileReference; explicitFileType = wrapper.framework; includeInIndex = 0; path = Pods_ElMenusTaskUITests.framework; sourceTree = BUILT_PRODUCTS_DIR; };
/* End PBXFileReference section */

/* Begin PBXFrameworksBuildPhase section */
		9AC03A5422B539AD00CDD096 /* Frameworks */ = {
			isa = PBXFrameworksBuildPhase;
			buildActionMask = 2147483647;
			files = (
				9012C0E350DC3C6A9123284F /* Pods_ElMenusTask.framework in Frameworks */,
			);
			runOnlyForDeploymentPostprocessing = 0;
		};
		9AC03A6822B539AE00CDD096 /* Frameworks */ = {
			isa = PBXFrameworksBuildPhase;
			buildActionMask = 2147483647;
			files = (
				F37A3A909E80C3B335878BB1 /* Pods_ElMenusTaskTests.framework in Frameworks */,
			);
			runOnlyForDeploymentPostprocessing = 0;
		};
		9AC03A7322B539AE00CDD096 /* Frameworks */ = {
			isa = PBXFrameworksBuildPhase;
			buildActionMask = 2147483647;
			files = (
				9BBFD1686E57332F04F55500 /* Pods_ElMenusTaskUITests.framework in Frameworks */,
			);
			runOnlyForDeploymentPostprocessing = 0;
		};
/* End PBXFrameworksBuildPhase section */

/* Begin PBXGroup section */
		15D2F97AD77DD05534D0073E /* Pods */ = {
			isa = PBXGroup;
			children = (
				7276E88263B3EC0EF106BBE6 /* Pods-ElMenusTask.debug.xcconfig */,
				0055C6B4DBFF9BCF3BDD11E8 /* Pods-ElMenusTask.release.xcconfig */,
				DB92A0B3CC8D9EF3C493DE60 /* Pods-ElMenusTaskTests.debug.xcconfig */,
				27789E3320CD419C3F0D3DAC /* Pods-ElMenusTaskTests.release.xcconfig */,
				03EEEBB8FFBCD50B23E44773 /* Pods-ElMenusTaskUITests.debug.xcconfig */,
				DC6BABB6C9396616CB276380 /* Pods-ElMenusTaskUITests.release.xcconfig */,
			);
			name = Pods;
			sourceTree = "<group>";
		};
		94F540DC6E95156B7E384D48 /* Frameworks */ = {
			isa = PBXGroup;
			children = (
				C9AE3282D0A9EE02244AF9AB /* Pods_ElMenusTask.framework */,
				9CFE506491C0BD4CF3ED6944 /* Pods_ElMenusTaskTests.framework */,
				E4A4BE2546ABC3ECD9283F0C /* Pods_ElMenusTaskUITests.framework */,
			);
			name = Frameworks;
			sourceTree = "<group>";
		};
		9AC03A4E22B539AD00CDD096 = {
			isa = PBXGroup;
			children = (
				9AC03A5922B539AD00CDD096 /* ElMenusTask */,
				9AC03A6E22B539AE00CDD096 /* ElMenusTaskTests */,
				9AC03A7922B539AE00CDD096 /* ElMenusTaskUITests */,
				9AC03A5822B539AD00CDD096 /* Products */,
				15D2F97AD77DD05534D0073E /* Pods */,
				94F540DC6E95156B7E384D48 /* Frameworks */,
			);
			sourceTree = "<group>";
		};
		9AC03A5822B539AD00CDD096 /* Products */ = {
			isa = PBXGroup;
			children = (
				9AC03A5722B539AD00CDD096 /* ElMenusTask.app */,
				9AC03A6B22B539AE00CDD096 /* ElMenusTaskTests.xctest */,
				9AC03A7622B539AE00CDD096 /* ElMenusTaskUITests.xctest */,
			);
			name = Products;
			sourceTree = "<group>";
		};
		9AC03A5922B539AD00CDD096 /* ElMenusTask */ = {
			isa = PBXGroup;
			children = (
				9AC03A9122B5734800CDD096 /* AppDelegate */,
				9AC03A8822B5734400CDD096 /* ServiceProvider */,
				9AC03A9E22B57BE200CDD096 /* Controllers */,
				9AC03A9F22B57C0300CDD096 /* ViewModels */,
				9AD87B6722B575E70002CBDB /* Model */,
				9AC03A9222B5736000CDD096 /* Views */,
				9AC03A9322B573B500CDD096 /* Resources */,
				9AC03A5C22B539AD00CDD096 /* ViewController.swift */,
				9AC03A6122B539AE00CDD096 /* Assets.xcassets */,
				9AC03A6622B539AE00CDD096 /* Info.plist */,
			);
			path = ElMenusTask;
			sourceTree = "<group>";
		};
		9AC03A6E22B539AE00CDD096 /* ElMenusTaskTests */ = {
			isa = PBXGroup;
			children = (
				9AC03A6F22B539AE00CDD096 /* ElMenusTaskTests.swift */,
				9AC03A7122B539AE00CDD096 /* Info.plist */,
			);
			path = ElMenusTaskTests;
			sourceTree = "<group>";
		};
		9AC03A7922B539AE00CDD096 /* ElMenusTaskUITests */ = {
			isa = PBXGroup;
			children = (
				9AC03A7A22B539AE00CDD096 /* ElMenusTaskUITests.swift */,
				9AC03A7C22B539AE00CDD096 /* Info.plist */,
			);
			path = ElMenusTaskUITests;
			sourceTree = "<group>";
		};
		9AC03A8822B5734400CDD096 /* ServiceProvider */ = {
			isa = PBXGroup;
			children = (
				9AC03A8C22B5734400CDD096 /* Reachability.swift */,
				9AC03A8922B5734400CDD096 /* APIClient.swift */,
				9AC03A8A22B5734400CDD096 /* APIRouter.swift */,
				9AC03AA022B5899A00CDD096 /* APIManager.swift */,
			);
			path = ServiceProvider;
			sourceTree = "<group>";
		};
		9AC03A9122B5734800CDD096 /* AppDelegate */ = {
			isa = PBXGroup;
			children = (
				9AC03A5A22B539AD00CDD096 /* AppDelegate.swift */,
			);
			path = AppDelegate;
			sourceTree = "<group>";
		};
		9AC03A9222B5736000CDD096 /* Views */ = {
			isa = PBXGroup;
			children = (
				9AC03A5E22B539AD00CDD096 /* Main.storyboard */,
				9AC03A6322B539AE00CDD096 /* LaunchScreen.storyboard */,
			);
			path = Views;
			sourceTree = "<group>";
		};
		9AC03A9322B573B500CDD096 /* Resources */ = {
			isa = PBXGroup;
			children = (
				9AC03A9422B573B500CDD096 /* Constants.swift */,
				9AC03A9522B573B500CDD096 /* Localizable.strings */,
			);
			path = Resources;
			sourceTree = "<group>";
		};
		9AC03A9E22B57BE200CDD096 /* Controllers */ = {
			isa = PBXGroup;
			children = (
				9AC03AA222B59C4600CDD096 /* MenuViewController.swift */,
			);
			path = Controllers;
			sourceTree = "<group>";
		};
		9AC03A9F22B57C0300CDD096 /* ViewModels */ = {
			isa = PBXGroup;
			children = (
			);
			path = ViewModels;
			sourceTree = "<group>";
		};
		9AD87B6722B575E70002CBDB /* Model */ = {
			isa = PBXGroup;
			children = (
				9AD87B6222B575DD0002CBDB /* Category.swift */,
				9AD87B6322B575DE0002CBDB /* Item.swift */,
				9AD87B6122B575DD0002CBDB /* MenuReponse.swift */,
			);
			path = Model;
			sourceTree = "<group>";
		};
/* End PBXGroup section */

/* Begin PBXNativeTarget section */
		9AC03A5622B539AD00CDD096 /* ElMenusTask */ = {
			isa = PBXNativeTarget;
			buildConfigurationList = 9AC03A7F22B539AE00CDD096 /* Build configuration list for PBXNativeTarget "ElMenusTask" */;
			buildPhases = (
				CC3071149C951879A85E6316 /* [CP] Check Pods Manifest.lock */,
				9AC03A5322B539AD00CDD096 /* Sources */,
				9AC03A5422B539AD00CDD096 /* Frameworks */,
				9AC03A5522B539AD00CDD096 /* Resources */,
				C9BB3DE0CADACDD337189FD5 /* [CP] Embed Pods Frameworks */,
			);
			buildRules = (
			);
			dependencies = (
			);
			name = ElMenusTask;
			productName = ElMenusTask;
			productReference = 9AC03A5722B539AD00CDD096 /* ElMenusTask.app */;
			productType = "com.apple.product-type.application";
		};
		9AC03A6A22B539AE00CDD096 /* ElMenusTaskTests */ = {
			isa = PBXNativeTarget;
			buildConfigurationList = 9AC03A8222B539AE00CDD096 /* Build configuration list for PBXNativeTarget "ElMenusTaskTests" */;
			buildPhases = (
				CBF5C15A467D9F85BD5DC7A7 /* [CP] Check Pods Manifest.lock */,
				9AC03A6722B539AE00CDD096 /* Sources */,
				9AC03A6822B539AE00CDD096 /* Frameworks */,
				9AC03A6922B539AE00CDD096 /* Resources */,
			);
			buildRules = (
			);
			dependencies = (
				9AC03A6D22B539AE00CDD096 /* PBXTargetDependency */,
			);
			name = ElMenusTaskTests;
			productName = ElMenusTaskTests;
			productReference = 9AC03A6B22B539AE00CDD096 /* ElMenusTaskTests.xctest */;
			productType = "com.apple.product-type.bundle.unit-test";
		};
		9AC03A7522B539AE00CDD096 /* ElMenusTaskUITests */ = {
			isa = PBXNativeTarget;
			buildConfigurationList = 9AC03A8522B539AE00CDD096 /* Build configuration list for PBXNativeTarget "ElMenusTaskUITests" */;
			buildPhases = (
				D5C643AE014C52E866CBB252 /* [CP] Check Pods Manifest.lock */,
				9AC03A7222B539AE00CDD096 /* Sources */,
				9AC03A7322B539AE00CDD096 /* Frameworks */,
				9AC03A7422B539AE00CDD096 /* Resources */,
			);
			buildRules = (
			);
			dependencies = (
				9AC03A7822B539AE00CDD096 /* PBXTargetDependency */,
			);
			name = ElMenusTaskUITests;
			productName = ElMenusTaskUITests;
			productReference = 9AC03A7622B539AE00CDD096 /* ElMenusTaskUITests.xctest */;
			productType = "com.apple.product-type.bundle.ui-testing";
		};
/* End PBXNativeTarget section */

/* Begin PBXProject section */
		9AC03A4F22B539AD00CDD096 /* Project object */ = {
			isa = PBXProject;
			attributes = {
				LastSwiftUpdateCheck = 1020;
				LastUpgradeCheck = 1020;
				ORGANIZATIONNAME = Orange;
				TargetAttributes = {
					9AC03A5622B539AD00CDD096 = {
						CreatedOnToolsVersion = 10.2.1;
					};
					9AC03A6A22B539AE00CDD096 = {
						CreatedOnToolsVersion = 10.2.1;
						TestTargetID = 9AC03A5622B539AD00CDD096;
					};
					9AC03A7522B539AE00CDD096 = {
						CreatedOnToolsVersion = 10.2.1;
						TestTargetID = 9AC03A5622B539AD00CDD096;
					};
				};
			};
			buildConfigurationList = 9AC03A5222B539AD00CDD096 /* Build configuration list for PBXProject "ElMenusTask" */;
			compatibilityVersion = "Xcode 9.3";
			developmentRegion = en;
			hasScannedForEncodings = 0;
			knownRegions = (
				en,
				Base,
				ar,
			);
			mainGroup = 9AC03A4E22B539AD00CDD096;
			productRefGroup = 9AC03A5822B539AD00CDD096 /* Products */;
			projectDirPath = "";
			projectRoot = "";
			targets = (
				9AC03A5622B539AD00CDD096 /* ElMenusTask */,
				9AC03A6A22B539AE00CDD096 /* ElMenusTaskTests */,
				9AC03A7522B539AE00CDD096 /* ElMenusTaskUITests */,
			);
		};
/* End PBXProject section */

/* Begin PBXResourcesBuildPhase section */
		9AC03A5522B539AD00CDD096 /* Resources */ = {
			isa = PBXResourcesBuildPhase;
			buildActionMask = 2147483647;
			files = (
				9AC03A6522B539AE00CDD096 /* LaunchScreen.storyboard in Resources */,
				9AC03A9B22B573B500CDD096 /* Localizable.strings in Resources */,
				9AC03A6222B539AE00CDD096 /* Assets.xcassets in Resources */,
				9AC03A6022B539AD00CDD096 /* Main.storyboard in Resources */,
			);
			runOnlyForDeploymentPostprocessing = 0;
		};
		9AC03A6922B539AE00CDD096 /* Resources */ = {
			isa = PBXResourcesBuildPhase;
			buildActionMask = 2147483647;
			files = (
			);
			runOnlyForDeploymentPostprocessing = 0;
		};
		9AC03A7422B539AE00CDD096 /* Resources */ = {
			isa = PBXResourcesBuildPhase;
			buildActionMask = 2147483647;
			files = (
			);
			runOnlyForDeploymentPostprocessing = 0;
		};
/* End PBXResourcesBuildPhase section */

/* Begin PBXShellScriptBuildPhase section */
		C9BB3DE0CADACDD337189FD5 /* [CP] Embed Pods Frameworks */ = {
			isa = PBXShellScriptBuildPhase;
			buildActionMask = 2147483647;
			files = (
			);
			inputFileListPaths = (
			);
			inputPaths = (
				"${SRCROOT}/Pods/Target Support Files/Pods-ElMenusTask/Pods-ElMenusTask-frameworks.sh",
				"${BUILT_PRODUCTS_DIR}/Alamofire/Alamofire.framework",
				"${BUILT_PRODUCTS_DIR}/SVProgressHUD/SVProgressHUD.framework",
			);
			name = "[CP] Embed Pods Frameworks";
			outputFileListPaths = (
			);
			outputPaths = (
				"${TARGET_BUILD_DIR}/${FRAMEWORKS_FOLDER_PATH}/Alamofire.framework",
				"${TARGET_BUILD_DIR}/${FRAMEWORKS_FOLDER_PATH}/SVProgressHUD.framework",
			);
			runOnlyForDeploymentPostprocessing = 0;
			shellPath = /bin/sh;
			shellScript = "\"${SRCROOT}/Pods/Target Support Files/Pods-ElMenusTask/Pods-ElMenusTask-frameworks.sh\"\n";
			showEnvVarsInLog = 0;
		};
		CBF5C15A467D9F85BD5DC7A7 /* [CP] Check Pods Manifest.lock */ = {
			isa = PBXShellScriptBuildPhase;
			buildActionMask = 2147483647;
			files = (
			);
			inputFileListPaths = (
			);
			inputPaths = (
				"${PODS_PODFILE_DIR_PATH}/Podfile.lock",
				"${PODS_ROOT}/Manifest.lock",
			);
			name = "[CP] Check Pods Manifest.lock";
			outputFileListPaths = (
			);
			outputPaths = (
				"$(DERIVED_FILE_DIR)/Pods-ElMenusTaskTests-checkManifestLockResult.txt",
			);
			runOnlyForDeploymentPostprocessing = 0;
			shellPath = /bin/sh;
			shellScript = "diff \"${PODS_PODFILE_DIR_PATH}/Podfile.lock\" \"${PODS_ROOT}/Manifest.lock\" > /dev/null\nif [ $? != 0 ] ; then\n    # print error to STDERR\n    echo \"error: The sandbox is not in sync with the Podfile.lock. Run 'pod install' or update your CocoaPods installation.\" >&2\n    exit 1\nfi\n# This output is used by Xcode 'outputs' to avoid re-running this script phase.\necho \"SUCCESS\" > \"${SCRIPT_OUTPUT_FILE_0}\"\n";
			showEnvVarsInLog = 0;
		};
		CC3071149C951879A85E6316 /* [CP] Check Pods Manifest.lock */ = {
			isa = PBXShellScriptBuildPhase;
			buildActionMask = 2147483647;
			files = (
			);
			inputFileListPaths = (
			);
			inputPaths = (
				"${PODS_PODFILE_DIR_PATH}/Podfile.lock",
				"${PODS_ROOT}/Manifest.lock",
			);
			name = "[CP] Check Pods Manifest.lock";
			outputFileListPaths = (
			);
			outputPaths = (
				"$(DERIVED_FILE_DIR)/Pods-ElMenusTask-checkManifestLockResult.txt",
			);
			runOnlyForDeploymentPostprocessing = 0;
			shellPath = /bin/sh;
			shellScript = "diff \"${PODS_PODFILE_DIR_PATH}/Podfile.lock\" \"${PODS_ROOT}/Manifest.lock\" > /dev/null\nif [ $? != 0 ] ; then\n    # print error to STDERR\n    echo \"error: The sandbox is not in sync with the Podfile.lock. Run 'pod install' or update your CocoaPods installation.\" >&2\n    exit 1\nfi\n# This output is used by Xcode 'outputs' to avoid re-running this script phase.\necho \"SUCCESS\" > \"${SCRIPT_OUTPUT_FILE_0}\"\n";
			showEnvVarsInLog = 0;
		};
		D5C643AE014C52E866CBB252 /* [CP] Check Pods Manifest.lock */ = {
			isa = PBXShellScriptBuildPhase;
			buildActionMask = 2147483647;
			files = (
			);
			inputFileListPaths = (
			);
			inputPaths = (
				"${PODS_PODFILE_DIR_PATH}/Podfile.lock",
				"${PODS_ROOT}/Manifest.lock",
			);
			name = "[CP] Check Pods Manifest.lock";
			outputFileListPaths = (
			);
			outputPaths = (
				"$(DERIVED_FILE_DIR)/Pods-ElMenusTaskUITests-checkManifestLockResult.txt",
			);
			runOnlyForDeploymentPostprocessing = 0;
			shellPath = /bin/sh;
			shellScript = "diff \"${PODS_PODFILE_DIR_PATH}/Podfile.lock\" \"${PODS_ROOT}/Manifest.lock\" > /dev/null\nif [ $? != 0 ] ; then\n    # print error to STDERR\n    echo \"error: The sandbox is not in sync with the Podfile.lock. Run 'pod install' or update your CocoaPods installation.\" >&2\n    exit 1\nfi\n# This output is used by Xcode 'outputs' to avoid re-running this script phase.\necho \"SUCCESS\" > \"${SCRIPT_OUTPUT_FILE_0}\"\n";
			showEnvVarsInLog = 0;
		};
/* End PBXShellScriptBuildPhase section */

/* Begin PBXSourcesBuildPhase section */
		9AC03A5322B539AD00CDD096 /* Sources */ = {
			isa = PBXSourcesBuildPhase;
			buildActionMask = 2147483647;
			files = (
				9AD87B6622B575DE0002CBDB /* Item.swift in Sources */,
				9AC03A5D22B539AD00CDD096 /* ViewController.swift in Sources */,
				9AC03AA122B5899A00CDD096 /* APIManager.swift in Sources */,
				9AC03A9022B5734400CDD096 /* Reachability.swift in Sources */,
				9AC03AA322B59C4600CDD096 /* MenuViewController.swift in Sources */,
				9AC03A8E22B5734400CDD096 /* APIRouter.swift in Sources */,
				9AD87B6422B575DE0002CBDB /* MenuReponse.swift in Sources */,
				9AD87B6522B575DE0002CBDB /* Category.swift in Sources */,
				9AC03A9A22B573B500CDD096 /* Constants.swift in Sources */,
				9AC03A5B22B539AD00CDD096 /* AppDelegate.swift in Sources */,
				9AC03A8D22B5734400CDD096 /* APIClient.swift in Sources */,
			);
			runOnlyForDeploymentPostprocessing = 0;
		};
		9AC03A6722B539AE00CDD096 /* Sources */ = {
			isa = PBXSourcesBuildPhase;
			buildActionMask = 2147483647;
			files = (
				9AC03A7022B539AE00CDD096 /* ElMenusTaskTests.swift in Sources */,
			);
			runOnlyForDeploymentPostprocessing = 0;
		};
		9AC03A7222B539AE00CDD096 /* Sources */ = {
			isa = PBXSourcesBuildPhase;
			buildActionMask = 2147483647;
			files = (
				9AC03A7B22B539AE00CDD096 /* ElMenusTaskUITests.swift in Sources */,
			);
			runOnlyForDeploymentPostprocessing = 0;
		};
/* End PBXSourcesBuildPhase section */

/* Begin PBXTargetDependency section */
		9AC03A6D22B539AE00CDD096 /* PBXTargetDependency */ = {
			isa = PBXTargetDependency;
			target = 9AC03A5622B539AD00CDD096 /* ElMenusTask */;
			targetProxy = 9AC03A6C22B539AE00CDD096 /* PBXContainerItemProxy */;
		};
		9AC03A7822B539AE00CDD096 /* PBXTargetDependency */ = {
			isa = PBXTargetDependency;
			target = 9AC03A5622B539AD00CDD096 /* ElMenusTask */;
			targetProxy = 9AC03A7722B539AE00CDD096 /* PBXContainerItemProxy */;
		};
/* End PBXTargetDependency section */

/* Begin PBXVariantGroup section */
		9AC03A5E22B539AD00CDD096 /* Main.storyboard */ = {
			isa = PBXVariantGroup;
			children = (
				9AC03A5F22B539AD00CDD096 /* Base */,
			);
			name = Main.storyboard;
			sourceTree = "<group>";
		};
		9AC03A6322B539AE00CDD096 /* LaunchScreen.storyboard */ = {
			isa = PBXVariantGroup;
			children = (
				9AC03A6422B539AE00CDD096 /* Base */,
			);
			name = LaunchScreen.storyboard;
			sourceTree = "<group>";
		};
		9AC03A9522B573B500CDD096 /* Localizable.strings */ = {
			isa = PBXVariantGroup;
			children = (
				9AC03A9722B573B500CDD096 /* en */,
			);
			name = Localizable.strings;
			sourceTree = "<group>";
		};
/* End PBXVariantGroup section */

/* Begin XCBuildConfiguration section */
		9AC03A7D22B539AE00CDD096 /* Debug */ = {
			isa = XCBuildConfiguration;
			buildSettings = {
				ALWAYS_SEARCH_USER_PATHS = NO;
				CLANG_ANALYZER_NONNULL = YES;
				CLANG_ANALYZER_NUMBER_OBJECT_CONVERSION = YES_AGGRESSIVE;
				CLANG_CXX_LANGUAGE_STANDARD = "gnu++14";
				CLANG_CXX_LIBRARY = "libc++";
				CLANG_ENABLE_MODULES = YES;
				CLANG_ENABLE_OBJC_ARC = YES;
				CLANG_ENABLE_OBJC_WEAK = YES;
				CLANG_WARN_BLOCK_CAPTURE_AUTORELEASING = YES;
				CLANG_WARN_BOOL_CONVERSION = YES;
				CLANG_WARN_COMMA = YES;
				CLANG_WARN_CONSTANT_CONVERSION = YES;
				CLANG_WARN_DEPRECATED_OBJC_IMPLEMENTATIONS = YES;
				CLANG_WARN_DIRECT_OBJC_ISA_USAGE = YES_ERROR;
				CLANG_WARN_DOCUMENTATION_COMMENTS = YES;
				CLANG_WARN_EMPTY_BODY = YES;
				CLANG_WARN_ENUM_CONVERSION = YES;
				CLANG_WARN_INFINITE_RECURSION = YES;
				CLANG_WARN_INT_CONVERSION = YES;
				CLANG_WARN_NON_LITERAL_NULL_CONVERSION = YES;
				CLANG_WARN_OBJC_IMPLICIT_RETAIN_SELF = YES;
				CLANG_WARN_OBJC_LITERAL_CONVERSION = YES;
				CLANG_WARN_OBJC_ROOT_CLASS = YES_ERROR;
				CLANG_WARN_RANGE_LOOP_ANALYSIS = YES;
				CLANG_WARN_STRICT_PROTOTYPES = YES;
				CLANG_WARN_SUSPICIOUS_MOVE = YES;
				CLANG_WARN_UNGUARDED_AVAILABILITY = YES_AGGRESSIVE;
				CLANG_WARN_UNREACHABLE_CODE = YES;
				CLANG_WARN__DUPLICATE_METHOD_MATCH = YES;
				CODE_SIGN_IDENTITY = "iPhone Developer";
				COPY_PHASE_STRIP = NO;
				DEBUG_INFORMATION_FORMAT = dwarf;
				ENABLE_STRICT_OBJC_MSGSEND = YES;
				ENABLE_TESTABILITY = YES;
				GCC_C_LANGUAGE_STANDARD = gnu11;
				GCC_DYNAMIC_NO_PIC = NO;
				GCC_NO_COMMON_BLOCKS = YES;
				GCC_OPTIMIZATION_LEVEL = 0;
				GCC_PREPROCESSOR_DEFINITIONS = (
					"DEBUG=1",
					"$(inherited)",
				);
				GCC_WARN_64_TO_32_BIT_CONVERSION = YES;
				GCC_WARN_ABOUT_RETURN_TYPE = YES_ERROR;
				GCC_WARN_UNDECLARED_SELECTOR = YES;
				GCC_WARN_UNINITIALIZED_AUTOS = YES_AGGRESSIVE;
				GCC_WARN_UNUSED_FUNCTION = YES;
				GCC_WARN_UNUSED_VARIABLE = YES;
				IPHONEOS_DEPLOYMENT_TARGET = 12.2;
				MTL_ENABLE_DEBUG_INFO = INCLUDE_SOURCE;
				MTL_FAST_MATH = YES;
				ONLY_ACTIVE_ARCH = YES;
				SDKROOT = iphoneos;
				SWIFT_ACTIVE_COMPILATION_CONDITIONS = DEBUG;
				SWIFT_OPTIMIZATION_LEVEL = "-Onone";
			};
			name = Debug;
		};
		9AC03A7E22B539AE00CDD096 /* Release */ = {
			isa = XCBuildConfiguration;
			buildSettings = {
				ALWAYS_SEARCH_USER_PATHS = NO;
				CLANG_ANALYZER_NONNULL = YES;
				CLANG_ANALYZER_NUMBER_OBJECT_CONVERSION = YES_AGGRESSIVE;
				CLANG_CXX_LANGUAGE_STANDARD = "gnu++14";
				CLANG_CXX_LIBRARY = "libc++";
				CLANG_ENABLE_MODULES = YES;
				CLANG_ENABLE_OBJC_ARC = YES;
				CLANG_ENABLE_OBJC_WEAK = YES;
				CLANG_WARN_BLOCK_CAPTURE_AUTORELEASING = YES;
				CLANG_WARN_BOOL_CONVERSION = YES;
				CLANG_WARN_COMMA = YES;
				CLANG_WARN_CONSTANT_CONVERSION = YES;
				CLANG_WARN_DEPRECATED_OBJC_IMPLEMENTATIONS = YES;
				CLANG_WARN_DIRECT_OBJC_ISA_USAGE = YES_ERROR;
				CLANG_WARN_DOCUMENTATION_COMMENTS = YES;
				CLANG_WARN_EMPTY_BODY = YES;
				CLANG_WARN_ENUM_CONVERSION = YES;
				CLANG_WARN_INFINITE_RECURSION = YES;
				CLANG_WARN_INT_CONVERSION = YES;
				CLANG_WARN_NON_LITERAL_NULL_CONVERSION = YES;
				CLANG_WARN_OBJC_IMPLICIT_RETAIN_SELF = YES;
				CLANG_WARN_OBJC_LITERAL_CONVERSION = YES;
				CLANG_WARN_OBJC_ROOT_CLASS = YES_ERROR;
				CLANG_WARN_RANGE_LOOP_ANALYSIS = YES;
				CLANG_WARN_STRICT_PROTOTYPES = YES;
				CLANG_WARN_SUSPICIOUS_MOVE = YES;
				CLANG_WARN_UNGUARDED_AVAILABILITY = YES_AGGRESSIVE;
				CLANG_WARN_UNREACHABLE_CODE = YES;
				CLANG_WARN__DUPLICATE_METHOD_MATCH = YES;
				CODE_SIGN_IDENTITY = "iPhone Developer";
				COPY_PHASE_STRIP = NO;
				DEBUG_INFORMATION_FORMAT = "dwarf-with-dsym";
				ENABLE_NS_ASSERTIONS = NO;
				ENABLE_STRICT_OBJC_MSGSEND = YES;
				GCC_C_LANGUAGE_STANDARD = gnu11;
				GCC_NO_COMMON_BLOCKS = YES;
				GCC_WARN_64_TO_32_BIT_CONVERSION = YES;
				GCC_WARN_ABOUT_RETURN_TYPE = YES_ERROR;
				GCC_WARN_UNDECLARED_SELECTOR = YES;
				GCC_WARN_UNINITIALIZED_AUTOS = YES_AGGRESSIVE;
				GCC_WARN_UNUSED_FUNCTION = YES;
				GCC_WARN_UNUSED_VARIABLE = YES;
				IPHONEOS_DEPLOYMENT_TARGET = 12.2;
				MTL_ENABLE_DEBUG_INFO = NO;
				MTL_FAST_MATH = YES;
				SDKROOT = iphoneos;
				SWIFT_COMPILATION_MODE = wholemodule;
				SWIFT_OPTIMIZATION_LEVEL = "-O";
				VALIDATE_PRODUCT = YES;
			};
			name = Release;
		};
		9AC03A8022B539AE00CDD096 /* Debug */ = {
			isa = XCBuildConfiguration;
			baseConfigurationReference = 7276E88263B3EC0EF106BBE6 /* Pods-ElMenusTask.debug.xcconfig */;
			buildSettings = {
				ASSETCATALOG_COMPILER_APPICON_NAME = AppIcon;
				CODE_SIGN_STYLE = Automatic;
				DEVELOPMENT_TEAM = MAG9DAS3TQ;
				INFOPLIST_FILE = ElMenusTask/Info.plist;
				LD_RUNPATH_SEARCH_PATHS = (
					"$(inherited)",
					"@executable_path/Frameworks",
				);
				PRODUCT_BUNDLE_IDENTIFIER = com.orange.ElMenusTask;
				PRODUCT_NAME = "$(TARGET_NAME)";
				SWIFT_VERSION = 5.0;
				TARGETED_DEVICE_FAMILY = "1,2";
			};
			name = Debug;
		};
		9AC03A8122B539AE00CDD096 /* Release */ = {
			isa = XCBuildConfiguration;
			baseConfigurationReference = 0055C6B4DBFF9BCF3BDD11E8 /* Pods-ElMenusTask.release.xcconfig */;
			buildSettings = {
				ASSETCATALOG_COMPILER_APPICON_NAME = AppIcon;
				CODE_SIGN_STYLE = Automatic;
				DEVELOPMENT_TEAM = MAG9DAS3TQ;
				INFOPLIST_FILE = ElMenusTask/Info.plist;
				LD_RUNPATH_SEARCH_PATHS = (
					"$(inherited)",
					"@executable_path/Frameworks",
				);
				PRODUCT_BUNDLE_IDENTIFIER = com.orange.ElMenusTask;
				PRODUCT_NAME = "$(TARGET_NAME)";
				SWIFT_VERSION = 5.0;
				TARGETED_DEVICE_FAMILY = "1,2";
			};
			name = Release;
		};
		9AC03A8322B539AE00CDD096 /* Debug */ = {
			isa = XCBuildConfiguration;
			baseConfigurationReference = DB92A0B3CC8D9EF3C493DE60 /* Pods-ElMenusTaskTests.debug.xcconfig */;
			buildSettings = {
				ALWAYS_EMBED_SWIFT_STANDARD_LIBRARIES = YES;
				BUNDLE_LOADER = "$(TEST_HOST)";
				CODE_SIGN_STYLE = Automatic;
				DEVELOPMENT_TEAM = MAG9DAS3TQ;
				INFOPLIST_FILE = ElMenusTaskTests/Info.plist;
				LD_RUNPATH_SEARCH_PATHS = (
					"$(inherited)",
					"@executable_path/Frameworks",
					"@loader_path/Frameworks",
				);
				PRODUCT_BUNDLE_IDENTIFIER = com.orange.ElMenusTaskTests;
				PRODUCT_NAME = "$(TARGET_NAME)";
				SWIFT_VERSION = 5.0;
				TARGETED_DEVICE_FAMILY = "1,2";
				TEST_HOST = "$(BUILT_PRODUCTS_DIR)/ElMenusTask.app/ElMenusTask";
			};
			name = Debug;
		};
		9AC03A8422B539AE00CDD096 /* Release */ = {
			isa = XCBuildConfiguration;
			baseConfigurationReference = 27789E3320CD419C3F0D3DAC /* Pods-ElMenusTaskTests.release.xcconfig */;
			buildSettings = {
				ALWAYS_EMBED_SWIFT_STANDARD_LIBRARIES = YES;
				BUNDLE_LOADER = "$(TEST_HOST)";
				CODE_SIGN_STYLE = Automatic;
				DEVELOPMENT_TEAM = MAG9DAS3TQ;
				INFOPLIST_FILE = ElMenusTaskTests/Info.plist;
				LD_RUNPATH_SEARCH_PATHS = (
					"$(inherited)",
					"@executable_path/Frameworks",
					"@loader_path/Frameworks",
				);
				PRODUCT_BUNDLE_IDENTIFIER = com.orange.ElMenusTaskTests;
				PRODUCT_NAME = "$(TARGET_NAME)";
				SWIFT_VERSION = 5.0;
				TARGETED_DEVICE_FAMILY = "1,2";
				TEST_HOST = "$(BUILT_PRODUCTS_DIR)/ElMenusTask.app/ElMenusTask";
			};
			name = Release;
		};
		9AC03A8622B539AE00CDD096 /* Debug */ = {
			isa = XCBuildConfiguration;
			baseConfigurationReference = 03EEEBB8FFBCD50B23E44773 /* Pods-ElMenusTaskUITests.debug.xcconfig */;
			buildSettings = {
				ALWAYS_EMBED_SWIFT_STANDARD_LIBRARIES = YES;
				CODE_SIGN_STYLE = Automatic;
				DEVELOPMENT_TEAM = MAG9DAS3TQ;
				INFOPLIST_FILE = ElMenusTaskUITests/Info.plist;
				LD_RUNPATH_SEARCH_PATHS = (
					"$(inherited)",
					"@executable_path/Frameworks",
					"@loader_path/Frameworks",
				);
				PRODUCT_BUNDLE_IDENTIFIER = com.orange.ElMenusTaskUITests;
				PRODUCT_NAME = "$(TARGET_NAME)";
				SWIFT_VERSION = 5.0;
				TARGETED_DEVICE_FAMILY = "1,2";
				TEST_TARGET_NAME = ElMenusTask;
			};
			name = Debug;
		};
		9AC03A8722B539AE00CDD096 /* Release */ = {
			isa = XCBuildConfiguration;
			baseConfigurationReference = DC6BABB6C9396616CB276380 /* Pods-ElMenusTaskUITests.release.xcconfig */;
			buildSettings = {
				ALWAYS_EMBED_SWIFT_STANDARD_LIBRARIES = YES;
				CODE_SIGN_STYLE = Automatic;
				DEVELOPMENT_TEAM = MAG9DAS3TQ;
				INFOPLIST_FILE = ElMenusTaskUITests/Info.plist;
				LD_RUNPATH_SEARCH_PATHS = (
					"$(inherited)",
					"@executable_path/Frameworks",
					"@loader_path/Frameworks",
				);
				PRODUCT_BUNDLE_IDENTIFIER = com.orange.ElMenusTaskUITests;
				PRODUCT_NAME = "$(TARGET_NAME)";
				SWIFT_VERSION = 5.0;
				TARGETED_DEVICE_FAMILY = "1,2";
				TEST_TARGET_NAME = ElMenusTask;
			};
			name = Release;
		};
/* End XCBuildConfiguration section */

/* Begin XCConfigurationList section */
		9AC03A5222B539AD00CDD096 /* Build configuration list for PBXProject "ElMenusTask" */ = {
			isa = XCConfigurationList;
			buildConfigurations = (
				9AC03A7D22B539AE00CDD096 /* Debug */,
				9AC03A7E22B539AE00CDD096 /* Release */,
			);
			defaultConfigurationIsVisible = 0;
			defaultConfigurationName = Release;
		};
		9AC03A7F22B539AE00CDD096 /* Build configuration list for PBXNativeTarget "ElMenusTask" */ = {
			isa = XCConfigurationList;
			buildConfigurations = (
				9AC03A8022B539AE00CDD096 /* Debug */,
				9AC03A8122B539AE00CDD096 /* Release */,
			);
			defaultConfigurationIsVisible = 0;
			defaultConfigurationName = Release;
		};
		9AC03A8222B539AE00CDD096 /* Build configuration list for PBXNativeTarget "ElMenusTaskTests" */ = {
			isa = XCConfigurationList;
			buildConfigurations = (
				9AC03A8322B539AE00CDD096 /* Debug */,
				9AC03A8422B539AE00CDD096 /* Release */,
			);
			defaultConfigurationIsVisible = 0;
			defaultConfigurationName = Release;
		};
		9AC03A8522B539AE00CDD096 /* Build configuration list for PBXNativeTarget "ElMenusTaskUITests" */ = {
			isa = XCConfigurationList;
			buildConfigurations = (
				9AC03A8622B539AE00CDD096 /* Debug */,
				9AC03A8722B539AE00CDD096 /* Release */,
			);
			defaultConfigurationIsVisible = 0;
			defaultConfigurationName = Release;
		};
/* End XCConfigurationList section */
	};
	rootObject = 9AC03A4F22B539AD00CDD096 /* Project object */;
}
